
Microsoft Visual Studio Solution File, Format Version 12.00
# Visual Studio 14
VisualStudioVersion = 14.0.23107.0
MinimumVisualStudioVersion = 10.0.40219.1
Project("{2150E333-8FDC-42A3-9474-1A3956D46DE8}") = "Apps", "Apps", "{97C01F8A-2B0A-4C09-BC05-9030A338E281}"
EndProject
Project("{2150E333-8FDC-42A3-9474-1A3956D46DE8}") = "Configuration", "Configuration", "{A50D79E4-E092-478A-B84C-72B56DE0F247}"
EndProject
Project("{FAE04EC0-301F-11D3-BF4B-00C04F79EFBC}") = "NAME_REPLACE.Binding", "NAME_REPLACE.Binding\NAME_REPLACE.Binding.csproj", "{5CD2E917-56F0-4E62-9A59-3E74BA9A1FDE}"
EndProject
Project("{2150E333-8FDC-42A3-9474-1A3956D46DE8}") = "Core", "Core", "{529F9F41-72EC-4D71-B1B5-3C5D84DC9099}"
EndProject
Project("{FAE04EC0-301F-11D3-BF4B-00C04F79EFBC}") = "NAME_REPLACE", "NAME_REPLACE\NAME_REPLACE.csproj", "{F464C056-1B4A-4477-8168-9304241B9C7D}"
EndProject
Project("{FAE04EC0-301F-11D3-BF4B-00C04F79EFBC}") = "NAME_REPLACE.Abstraction", "NAME_REPLACE.Abstraction\NAME_REPLACE.Abstraction.csproj", "{7F22FD06-01BD-4DB8-B9EC-56584C88A02F}"
EndProject
Project("{FAE04EC0-301F-11D3-BF4B-00C04F79EFBC}") = "NAME_REPLACE.Business", "NAME_REPLACE.Business\NAME_REPLACE.Business.csproj", "{0110581D-35A7-47F1-8E54-CEE77734D2DB}"
EndProject
Project("{FAE04EC0-301F-11D3-BF4B-00C04F79EFBC}") = "NAME_REPLACE.DAO", "NAME_REPLACE.DAO\NAME_REPLACE.DAO.csproj", "{7E4A0769-38F4-4213-B7E4-2FEDD847F1E3}"
EndProject
Project("{2150E333-8FDC-42A3-9474-1A3956D46DE8}") = "Shared", "Shared", "{064CCA56-9D84-4ABB-B151-0457EBEDFA1F}"
EndProject
Project("{FAE04EC0-301F-11D3-BF4B-00C04F79EFBC}") = "NAME_REPLACE.Common.Abstraction", "NAME_REPLACE.Common.Abstraction\NAME_REPLACE.Common.Abstraction.csproj", "{0EF0726E-3E34-4362-84F6-BA1A8FCF8D14}"
EndProject
Project("{FAE04EC0-301F-11D3-BF4B-00C04F79EFBC}") = "NAME_REPLACE.Common.Business", "NAME_REPLACE.Common.Business\NAME_REPLACE.Common.Business.csproj", "{B3B2B090-FC3B-4548-84EB-8F5298BAE78A}"
EndProject
Project("{FAE04EC0-301F-11D3-BF4B-00C04F79EFBC}") = "NAME_REPLACE.WebMvcApp", "NAME_REPLACE.WebMvcApp\NAME_REPLACE.WebMvcApp.csproj", "{4CE38C6B-9F75-4B79-8537-41DB530BF984}"
EndProject
Global
	GlobalSection(SolutionConfigurationPlatforms) = preSolution
		Debug|Any CPU = Debug|Any CPU
		Release|Any CPU = Release|Any CPU
	EndGlobalSection
	GlobalSection(ProjectConfigurationPlatforms) = postSolution
		{5CD2E917-56F0-4E62-9A59-3E74BA9A1FDE}.Debug|Any CPU.ActiveCfg = Debug|Any CPU
		{5CD2E917-56F0-4E62-9A59-3E74BA9A1FDE}.Debug|Any CPU.Build.0 = Debug|Any CPU
		{5CD2E917-56F0-4E62-9A59-3E74BA9A1FDE}.Release|Any CPU.ActiveCfg = Release|Any CPU
		{5CD2E917-56F0-4E62-9A59-3E74BA9A1FDE}.Release|Any CPU.Build.0 = Release|Any CPU
		{F464C056-1B4A-4477-8168-9304241B9C7D}.Debug|Any CPU.ActiveCfg = Debug|Any CPU
		{F464C056-1B4A-4477-8168-9304241B9C7D}.Debug|Any CPU.Build.0 = Debug|Any CPU
		{F464C056-1B4A-4477-8168-9304241B9C7D}.Release|Any CPU.ActiveCfg = Release|Any CPU
		{F464C056-1B4A-4477-8168-9304241B9C7D}.Release|Any CPU.Build.0 = Release|Any CPU
		{7F22FD06-01BD-4DB8-B9EC-56584C88A02F}.Debug|Any CPU.ActiveCfg = Debug|Any CPU
		{7F22FD06-01BD-4DB8-B9EC-56584C88A02F}.Debug|Any CPU.Build.0 = Debug|Any CPU
		{7F22FD06-01BD-4DB8-B9EC-56584C88A02F}.Release|Any CPU.ActiveCfg = Release|Any CPU
		{7F22FD06-01BD-4DB8-B9EC-56584C88A02F}.Release|Any CPU.Build.0 = Release|Any CPU
		{0110581D-35A7-47F1-8E54-CEE77734D2DB}.Debug|Any CPU.ActiveCfg = Debug|Any CPU
		{0110581D-35A7-47F1-8E54-CEE77734D2DB}.Debug|Any CPU.Build.0 = Debug|Any CPU
		{0110581D-35A7-47F1-8E54-CEE77734D2DB}.Release|Any CPU.ActiveCfg = Release|Any CPU
		{0110581D-35A7-47F1-8E54-CEE77734D2DB}.Release|Any CPU.Build.0 = Release|Any CPU
		{7E4A0769-38F4-4213-B7E4-2FEDD847F1E3}.Debug|Any CPU.ActiveCfg = Debug|Any CPU
		{7E4A0769-38F4-4213-B7E4-2FEDD847F1E3}.Debug|Any CPU.Build.0 = Debug|Any CPU
		{7E4A0769-38F4-4213-B7E4-2FEDD847F1E3}.Release|Any CPU.ActiveCfg = Release|Any CPU
		{7E4A0769-38F4-4213-B7E4-2FEDD847F1E3}.Release|Any CPU.Build.0 = Release|Any CPU
		{0EF0726E-3E34-4362-84F6-BA1A8FCF8D14}.Debug|Any CPU.ActiveCfg = Debug|Any CPU
		{0EF0726E-3E34-4362-84F6-BA1A8FCF8D14}.Debug|Any CPU.Build.0 = Debug|Any CPU
		{0EF0726E-3E34-4362-84F6-BA1A8FCF8D14}.Release|Any CPU.ActiveCfg = Release|Any CPU
		{0EF0726E-3E34-4362-84F6-BA1A8FCF8D14}.Release|Any CPU.Build.0 = Release|Any CPU
		{B3B2B090-FC3B-4548-84EB-8F5298BAE78A}.Debug|Any CPU.ActiveCfg = Debug|Any CPU
		{B3B2B090-FC3B-4548-84EB-8F5298BAE78A}.Debug|Any CPU.Build.0 = Debug|Any CPU
		{B3B2B090-FC3B-4548-84EB-8F5298BAE78A}.Release|Any CPU.ActiveCfg = Release|Any CPU
		{B3B2B090-FC3B-4548-84EB-8F5298BAE78A}.Release|Any CPU.Build.0 = Release|Any CPU
		{4CE38C6B-9F75-4B79-8537-41DB530BF984}.Debug|Any CPU.ActiveCfg = Debug|Any CPU
		{4CE38C6B-9F75-4B79-8537-41DB530BF984}.Debug|Any CPU.Build.0 = Debug|Any CPU
		{4CE38C6B-9F75-4B79-8537-41DB530BF984}.Release|Any CPU.ActiveCfg = Release|Any CPU
		{4CE38C6B-9F75-4B79-8537-41DB530BF984}.Release|Any CPU.Build.0 = Release|Any CPU
	EndGlobalSection
	GlobalSection(SolutionProperties) = preSolution
		HideSolutionNode = FALSE
	EndGlobalSection
	GlobalSection(NestedProjects) = preSolution
		{5CD2E917-56F0-4E62-9A59-3E74BA9A1FDE} = {A50D79E4-E092-478A-B84C-72B56DE0F247}
		{F464C056-1B4A-4477-8168-9304241B9C7D} = {529F9F41-72EC-4D71-B1B5-3C5D84DC9099}
		{7F22FD06-01BD-4DB8-B9EC-56584C88A02F} = {529F9F41-72EC-4D71-B1B5-3C5D84DC9099}
		{0110581D-35A7-47F1-8E54-CEE77734D2DB} = {529F9F41-72EC-4D71-B1B5-3C5D84DC9099}
		{7E4A0769-38F4-4213-B7E4-2FEDD847F1E3} = {529F9F41-72EC-4D71-B1B5-3C5D84DC9099}
		{0EF0726E-3E34-4362-84F6-BA1A8FCF8D14} = {064CCA56-9D84-4ABB-B151-0457EBEDFA1F}
		{B3B2B090-FC3B-4548-84EB-8F5298BAE78A} = {064CCA56-9D84-4ABB-B151-0457EBEDFA1F}
		{4CE38C6B-9F75-4B79-8537-41DB530BF984} = {97C01F8A-2B0A-4C09-BC05-9030A338E281}
	EndGlobalSection
EndGlobal
